
Microsoft Visual Studio Solution File, Format Version 12.00
# Visual Studio Version 17
VisualStudioVersion = 17.0.32112.339
MinimumVisualStudioVersion = 10.0.40219.1
Project("{FAE04EC0-301F-11D3-BF4B-00C04F79EFBC}") = "EventAndDelegateHomeWork", "EventAndDelegateHomeWork\EventAndDelegateHomeWork.csproj", "{0D633358-678C-4812-A324-62D6BB1443E0}"
EndProject
Global
	GlobalSection(SolutionConfigurationPlatforms) = preSolution
		Debug|Any CPU = Debug|Any CPU
		Release|Any CPU = Release|Any CPU
	EndGlobalSection
	GlobalSection(ProjectConfigurationPlatforms) = postSolution
		{0D633358-678C-4812-A324-62D6BB1443E0}.Debug|Any CPU.ActiveCfg = Debug|Any CPU
		{0D633358-678C-4812-A324-62D6BB1443E0}.Debug|Any CPU.Build.0 = Debug|Any CPU
		{0D633358-678C-4812-A324-62D6BB1443E0}.Release|Any CPU.ActiveCfg = Release|Any CPU
		{0D633358-678C-4812-A324-62D6BB1443E0}.Release|Any CPU.Build.0 = Release|Any CPU
	EndGlobalSection
	GlobalSection(SolutionProperties) = preSolution
		HideSolutionNode = FALSE
	EndGlobalSection
	GlobalSection(ExtensibilityGlobals) = postSolution
		SolutionGuid = {3D98C58A-B59B-4984-8AD2-9E7DEE2ED838}
	EndGlobalSection
EndGlobal
